
Microsoft Visual Studio Solution File, Format Version 12.00
# Visual Studio Version 16
VisualStudioVersion = 16.0.31321.278
MinimumVisualStudioVersion = 10.0.40219.1
Project("{FAE04EC0-301F-11D3-BF4B-00C04F79EFBC}") = "CascadeAsyncifier", "CascadeAsyncifier\CascadeAsyncifier.csproj", "{94F727D2-1320-49B8-84B6-E068368E64CD}"
EndProject
Global
	GlobalSection(SolutionConfigurationPlatforms) = preSolution
		Debug|Any CPU = Debug|Any CPU
		Release|Any CPU = Release|Any CPU
	EndGlobalSection
	GlobalSection(ProjectConfigurationPlatforms) = postSolution
		{94F727D2-1320-49B8-84B6-E068368E64CD}.Debug|Any CPU.ActiveCfg = Debug|Any CPU
		{94F727D2-1320-49B8-84B6-E068368E64CD}.Debug|Any CPU.Build.0 = Debug|Any CPU
		{94F727D2-1320-49B8-84B6-E068368E64CD}.Release|Any CPU.ActiveCfg = Release|Any CPU
		{94F727D2-1320-49B8-84B6-E068368E64CD}.Release|Any CPU.Build.0 = Release|Any CPU
	EndGlobalSection
	GlobalSection(SolutionProperties) = preSolution
		HideSolutionNode = FALSE
	EndGlobalSection
	GlobalSection(ExtensibilityGlobals) = postSolution
		SolutionGuid = {6AA7F01C-F643-438C-A7E3-2194502B4637}
	EndGlobalSection
EndGlobal
